// !$*UTF8*$!
{
	archiveVersion = 1;
	classes = {
	};
	objectVersion = 50;
	objects = {

/* Begin PBXBuildFile section */
		49C03B1622AA5A9F00A33231 /* AppDelegate.swift in Sources */ = {isa = PBXBuildFile; fileRef = 49C03B1522AA5A9F00A33231 /* AppDelegate.swift */; };
		49C03B1822AA5A9F00A33231 /* ContentView.swift in Sources */ = {isa = PBXBuildFile; fileRef = 49C03B1722AA5A9F00A33231 /* ContentView.swift */; };
		49C03B1A22AA5AA400A33231 /* Assets.xcassets in Resources */ = {isa = PBXBuildFile; fileRef = 49C03B1922AA5AA400A33231 /* Assets.xcassets */; };
		49C03B1D22AA5AA400A33231 /* Preview Assets.xcassets in Resources */ = {isa = PBXBuildFile; fileRef = 49C03B1C22AA5AA400A33231 /* Preview Assets.xcassets */; };
		49C03B2022AA5AA400A33231 /* Main.storyboard in Resources */ = {isa = PBXBuildFile; fileRef = 49C03B1E22AA5AA400A33231 /* Main.storyboard */; };
		49C03B2922AA5BBC00A33231 /* MainWindowController.swift in Sources */ = {isa = PBXBuildFile; fileRef = 49C03B2822AA5BBC00A33231 /* MainWindowController.swift */; };
		49C03B3022AA63EF00A33231 /* MainView.swift in Sources */ = {isa = PBXBuildFile; fileRef = 49C03B2C22AA63EE00A33231 /* MainView.swift */; };
		49C03B3122AA63EF00A33231 /* AsideView.swift in Sources */ = {isa = PBXBuildFile; fileRef = 49C03B2D22AA63EE00A33231 /* AsideView.swift */; };
		49C03B3222AA63EF00A33231 /* Router.swift in Sources */ = {isa = PBXBuildFile; fileRef = 49C03B2E22AA63EE00A33231 /* Router.swift */; };
		49C03B3322AA63EF00A33231 /* FooterView.swift in Sources */ = {isa = PBXBuildFile; fileRef = 49C03B2F22AA63EF00A33231 /* FooterView.swift */; };
/* End PBXBuildFile section */

/* Begin PBXFileReference section */
		49C03B1222AA5A9F00A33231 /* NeteaseMusic.app */ = {isa = PBXFileReference; explicitFileType = wrapper.application; includeInIndex = 0; path = NeteaseMusic.app; sourceTree = BUILT_PRODUCTS_DIR; };
		49C03B1522AA5A9F00A33231 /* AppDelegate.swift */ = {isa = PBXFileReference; lastKnownFileType = sourcecode.swift; path = AppDelegate.swift; sourceTree = "<group>"; };
		49C03B1722AA5A9F00A33231 /* ContentView.swift */ = {isa = PBXFileReference; lastKnownFileType = sourcecode.swift; path = ContentView.swift; sourceTree = "<group>"; };
		49C03B1922AA5AA400A33231 /* Assets.xcassets */ = {isa = PBXFileReference; lastKnownFileType = folder.assetcatalog; path = Assets.xcassets; sourceTree = "<group>"; };
		49C03B1C22AA5AA400A33231 /* Preview Assets.xcassets */ = {isa = PBXFileReference; lastKnownFileType = folder.assetcatalog; path = "Preview Assets.xcassets"; sourceTree = "<group>"; };
		49C03B1F22AA5AA400A33231 /* Base */ = {isa = PBXFileReference; lastKnownFileType = file.storyboard; name = Base; path = Base.lproj/Main.storyboard; sourceTree = "<group>"; };
		49C03B2122AA5AA400A33231 /* Info.plist */ = {isa = PBXFileReference; lastKnownFileType = text.plist.xml; path = Info.plist; sourceTree = "<group>"; };
		49C03B2222AA5AA400A33231 /* NeteaseMusic.entitlements */ = {isa = PBXFileReference; lastKnownFileType = text.plist.entitlements; path = NeteaseMusic.entitlements; sourceTree = "<group>"; };
		49C03B2822AA5BBC00A33231 /* MainWindowController.swift */ = {isa = PBXFileReference; lastKnownFileType = sourcecode.swift; path = MainWindowController.swift; sourceTree = "<group>"; };
		49C03B2C22AA63EE00A33231 /* MainView.swift */ = {isa = PBXFileReference; fileEncoding = 4; lastKnownFileType = sourcecode.swift; path = MainView.swift; sourceTree = "<group>"; };
		49C03B2D22AA63EE00A33231 /* AsideView.swift */ = {isa = PBXFileReference; fileEncoding = 4; lastKnownFileType = sourcecode.swift; path = AsideView.swift; sourceTree = "<group>"; };
		49C03B2E22AA63EE00A33231 /* Router.swift */ = {isa = PBXFileReference; fileEncoding = 4; lastKnownFileType = sourcecode.swift; path = Router.swift; sourceTree = "<group>"; };
		49C03B2F22AA63EF00A33231 /* FooterView.swift */ = {isa = PBXFileReference; fileEncoding = 4; lastKnownFileType = sourcecode.swift; path = FooterView.swift; sourceTree = "<group>"; };
/* End PBXFileReference section */

/* Begin PBXFrameworksBuildPhase section */
		49C03B0F22AA5A9F00A33231 /* Frameworks */ = {
			isa = PBXFrameworksBuildPhase;
			buildActionMask = 2147483647;
			files = (
			);
			runOnlyForDeploymentPostprocessing = 0;
		};
/* End PBXFrameworksBuildPhase section */

/* Begin PBXGroup section */
		49C03B0922AA5A9F00A33231 = {
			isa = PBXGroup;
			children = (
				49C03B1422AA5A9F00A33231 /* NeteaseMusic */,
				49C03B1322AA5A9F00A33231 /* Products */,
			);
			sourceTree = "<group>";
		};
		49C03B1322AA5A9F00A33231 /* Products */ = {
			isa = PBXGroup;
			children = (
				49C03B1222AA5A9F00A33231 /* NeteaseMusic.app */,
			);
			name = Products;
			sourceTree = "<group>";
		};
		49C03B1422AA5A9F00A33231 /* NeteaseMusic */ = {
			isa = PBXGroup;
			children = (
				49C03B2D22AA63EE00A33231 /* AsideView.swift */,
				49C03B2F22AA63EF00A33231 /* FooterView.swift */,
				49C03B2C22AA63EE00A33231 /* MainView.swift */,
				49C03B2E22AA63EE00A33231 /* Router.swift */,
				49C03B1522AA5A9F00A33231 /* AppDelegate.swift */,
				49C03B2822AA5BBC00A33231 /* MainWindowController.swift */,
				49C03B1722AA5A9F00A33231 /* ContentView.swift */,
				49C03B1922AA5AA400A33231 /* Assets.xcassets */,
				49C03B1E22AA5AA400A33231 /* Main.storyboard */,
				49C03B2122AA5AA400A33231 /* Info.plist */,
				49C03B2222AA5AA400A33231 /* NeteaseMusic.entitlements */,
				49C03B1B22AA5AA400A33231 /* Preview Content */,
			);
			path = NeteaseMusic;
			sourceTree = "<group>";
		};
		49C03B1B22AA5AA400A33231 /* Preview Content */ = {
			isa = PBXGroup;
			children = (
				49C03B1C22AA5AA400A33231 /* Preview Assets.xcassets */,
			);
			path = "Preview Content";
			sourceTree = "<group>";
		};
/* End PBXGroup section */

/* Begin PBXNativeTarget section */
		49C03B1122AA5A9F00A33231 /* NeteaseMusic */ = {
			isa = PBXNativeTarget;
			buildConfigurationList = 49C03B2522AA5AA400A33231 /* Build configuration list for PBXNativeTarget "NeteaseMusic" */;
			buildPhases = (
				49C03B0E22AA5A9F00A33231 /* Sources */,
				49C03B0F22AA5A9F00A33231 /* Frameworks */,
				49C03B1022AA5A9F00A33231 /* Resources */,
			);
			buildRules = (
			);
			dependencies = (
			);
			name = NeteaseMusic;
			productName = NeteaseMusic;
			productReference = 49C03B1222AA5A9F00A33231 /* NeteaseMusic.app */;
			productType = "com.apple.product-type.application";
		};
/* End PBXNativeTarget section */

/* Begin PBXProject section */
		49C03B0A22AA5A9F00A33231 /* Project object */ = {
			isa = PBXProject;
			attributes = {
				LastSwiftUpdateCheck = 1100;
				LastUpgradeCheck = 1100;
				ORGANIZATIONNAME = "阿卡琳";
				TargetAttributes = {
					49C03B1122AA5A9F00A33231 = {
						CreatedOnToolsVersion = 11.0;
					};
				};
			};
			buildConfigurationList = 49C03B0D22AA5A9F00A33231 /* Build configuration list for PBXProject "NeteaseMusic" */;
			compatibilityVersion = "Xcode 9.3";
			developmentRegion = en;
			hasScannedForEncodings = 0;
			knownRegions = (
				en,
				Base,
			);
			mainGroup = 49C03B0922AA5A9F00A33231;
			productRefGroup = 49C03B1322AA5A9F00A33231 /* Products */;
			projectDirPath = "";
			projectRoot = "";
			targets = (
				49C03B1122AA5A9F00A33231 /* NeteaseMusic */,
			);
		};
/* End PBXProject section */

/* Begin PBXResourcesBuildPhase section */
		49C03B1022AA5A9F00A33231 /* Resources */ = {
			isa = PBXResourcesBuildPhase;
			buildActionMask = 2147483647;
			files = (
				49C03B2022AA5AA400A33231 /* Main.storyboard in Resources */,
				49C03B1D22AA5AA400A33231 /* Preview Assets.xcassets in Resources */,
				49C03B1A22AA5AA400A33231 /* Assets.xcassets in Resources */,
			);
			runOnlyForDeploymentPostprocessing = 0;
		};
/* End PBXResourcesBuildPhase section */

/* Begin PBXSourcesBuildPhase section */
		49C03B0E22AA5A9F00A33231 /* Sources */ = {
			isa = PBXSourcesBuildPhase;
			buildActionMask = 2147483647;
			files = (
				49C03B1822AA5A9F00A33231 /* ContentView.swift in Sources */,
				49C03B3322AA63EF00A33231 /* FooterView.swift in Sources */,
				49C03B3122AA63EF00A33231 /* AsideView.swift in Sources */,
				49C03B3022AA63EF00A33231 /* MainView.swift in Sources */,
				49C03B1622AA5A9F00A33231 /* AppDelegate.swift in Sources */,
				49C03B3222AA63EF00A33231 /* Router.swift in Sources */,
				49C03B2922AA5BBC00A33231 /* MainWindowController.swift in Sources */,
			);
			runOnlyForDeploymentPostprocessing = 0;
		};
/* End PBXSourcesBuildPhase section */

/* Begin PBXVariantGroup section */
		49C03B1E22AA5AA400A33231 /* Main.storyboard */ = {
			isa = PBXVariantGroup;
			children = (
				49C03B1F22AA5AA400A33231 /* Base */,
			);
			name = Main.storyboard;
			sourceTree = "<group>";
		};
/* End PBXVariantGroup section */

/* Begin XCBuildConfiguration section */
		49C03B2322AA5AA400A33231 /* Debug */ = {
			isa = XCBuildConfiguration;
			buildSettings = {
				ALWAYS_SEARCH_USER_PATHS = NO;
				CLANG_ANALYZER_NONNULL = YES;
				CLANG_ANALYZER_NUMBER_OBJECT_CONVERSION = YES_AGGRESSIVE;
				CLANG_CXX_LANGUAGE_STANDARD = "gnu++14";
				CLANG_CXX_LIBRARY = "libc++";
				CLANG_ENABLE_MODULES = YES;
				CLANG_ENABLE_OBJC_ARC = YES;
				CLANG_ENABLE_OBJC_WEAK = YES;
				CLANG_WARN_BLOCK_CAPTURE_AUTORELEASING = YES;
				CLANG_WARN_BOOL_CONVERSION = YES;
				CLANG_WARN_COMMA = YES;
				CLANG_WARN_CONSTANT_CONVERSION = YES;
				CLANG_WARN_DEPRECATED_OBJC_IMPLEMENTATIONS = YES;
				CLANG_WARN_DIRECT_OBJC_ISA_USAGE = YES_ERROR;
				CLANG_WARN_DOCUMENTATION_COMMENTS = YES;
				CLANG_WARN_EMPTY_BODY = YES;
				CLANG_WARN_ENUM_CONVERSION = YES;
				CLANG_WARN_INFINITE_RECURSION = YES;
				CLANG_WARN_INT_CONVERSION = YES;
				CLANG_WARN_NON_LITERAL_NULL_CONVERSION = YES;
				CLANG_WARN_OBJC_IMPLICIT_RETAIN_SELF = YES;
				CLANG_WARN_OBJC_LITERAL_CONVERSION = YES;
				CLANG_WARN_OBJC_ROOT_CLASS = YES_ERROR;
				CLANG_WARN_RANGE_LOOP_ANALYSIS = YES;
				CLANG_WARN_STRICT_PROTOTYPES = YES;
				CLANG_WARN_SUSPICIOUS_MOVE = YES;
				CLANG_WARN_UNGUARDED_AVAILABILITY = YES_AGGRESSIVE;
				CLANG_WARN_UNREACHABLE_CODE = YES;
				CLANG_WARN__DUPLICATE_METHOD_MATCH = YES;
				COPY_PHASE_STRIP = NO;
				DEBUG_INFORMATION_FORMAT = dwarf;
				ENABLE_STRICT_OBJC_MSGSEND = YES;
				ENABLE_TESTABILITY = YES;
				GCC_C_LANGUAGE_STANDARD = gnu11;
				GCC_DYNAMIC_NO_PIC = NO;
				GCC_NO_COMMON_BLOCKS = YES;
				GCC_OPTIMIZATION_LEVEL = 0;
				GCC_PREPROCESSOR_DEFINITIONS = (
					"DEBUG=1",
					"$(inherited)",
				);
				GCC_WARN_64_TO_32_BIT_CONVERSION = YES;
				GCC_WARN_ABOUT_RETURN_TYPE = YES_ERROR;
				GCC_WARN_UNDECLARED_SELECTOR = YES;
				GCC_WARN_UNINITIALIZED_AUTOS = YES_AGGRESSIVE;
				GCC_WARN_UNUSED_FUNCTION = YES;
				GCC_WARN_UNUSED_VARIABLE = YES;
				MACOSX_DEPLOYMENT_TARGET = 10.15;
				MTL_ENABLE_DEBUG_INFO = INCLUDE_SOURCE;
				MTL_FAST_MATH = YES;
				ONLY_ACTIVE_ARCH = YES;
				SDKROOT = macosx;
				SWIFT_ACTIVE_COMPILATION_CONDITIONS = DEBUG;
				SWIFT_OPTIMIZATION_LEVEL = "-Onone";
			};
			name = Debug;
		};
		49C03B2422AA5AA400A33231 /* Release */ = {
			isa = XCBuildConfiguration;
			buildSettings = {
				ALWAYS_SEARCH_USER_PATHS = NO;
				CLANG_ANALYZER_NONNULL = YES;
				CLANG_ANALYZER_NUMBER_OBJECT_CONVERSION = YES_AGGRESSIVE;
				CLANG_CXX_LANGUAGE_STANDARD = "gnu++14";
				CLANG_CXX_LIBRARY = "libc++";
				CLANG_ENABLE_MODULES = YES;
				CLANG_ENABLE_OBJC_ARC = YES;
				CLANG_ENABLE_OBJC_WEAK = YES;
				CLANG_WARN_BLOCK_CAPTURE_AUTORELEASING = YES;
				CLANG_WARN_BOOL_CONVERSION = YES;
				CLANG_WARN_COMMA = YES;
				CLANG_WARN_CONSTANT_CONVERSION = YES;
				CLANG_WARN_DEPRECATED_OBJC_IMPLEMENTATIONS = YES;
				CLANG_WARN_DIRECT_OBJC_ISA_USAGE = YES_ERROR;
				CLANG_WARN_DOCUMENTATION_COMMENTS = YES;
				CLANG_WARN_EMPTY_BODY = YES;
				CLANG_WARN_ENUM_CONVERSION = YES;
				CLANG_WARN_INFINITE_RECURSION = YES;
				CLANG_WARN_INT_CONVERSION = YES;
				CLANG_WARN_NON_LITERAL_NULL_CONVERSION = YES;
				CLANG_WARN_OBJC_IMPLICIT_RETAIN_SELF = YES;
				CLANG_WARN_OBJC_LITERAL_CONVERSION = YES;
				CLANG_WARN_OBJC_ROOT_CLASS = YES_ERROR;
				CLANG_WARN_RANGE_LOOP_ANALYSIS = YES;
				CLANG_WARN_STRICT_PROTOTYPES = YES;
				CLANG_WARN_SUSPICIOUS_MOVE = YES;
				CLANG_WARN_UNGUARDED_AVAILABILITY = YES_AGGRESSIVE;
				CLANG_WARN_UNREACHABLE_CODE = YES;
				CLANG_WARN__DUPLICATE_METHOD_MATCH = YES;
				COPY_PHASE_STRIP = NO;
				DEBUG_INFORMATION_FORMAT = "dwarf-with-dsym";
				ENABLE_NS_ASSERTIONS = NO;
				ENABLE_STRICT_OBJC_MSGSEND = YES;
				GCC_C_LANGUAGE_STANDARD = gnu11;
				GCC_NO_COMMON_BLOCKS = YES;
				GCC_WARN_64_TO_32_BIT_CONVERSION = YES;
				GCC_WARN_ABOUT_RETURN_TYPE = YES_ERROR;
				GCC_WARN_UNDECLARED_SELECTOR = YES;
				GCC_WARN_UNINITIALIZED_AUTOS = YES_AGGRESSIVE;
				GCC_WARN_UNUSED_FUNCTION = YES;
				GCC_WARN_UNUSED_VARIABLE = YES;
				MACOSX_DEPLOYMENT_TARGET = 10.15;
				MTL_ENABLE_DEBUG_INFO = NO;
				MTL_FAST_MATH = YES;
				SDKROOT = macosx;
				SWIFT_COMPILATION_MODE = wholemodule;
				SWIFT_OPTIMIZATION_LEVEL = "-O";
			};
			name = Release;
		};
		49C03B2622AA5AA400A33231 /* Debug */ = {
			isa = XCBuildConfiguration;
			buildSettings = {
				ASSETCATALOG_COMPILER_APPICON_NAME = AppIcon;
				CODE_SIGN_ENTITLEMENTS = NeteaseMusic/NeteaseMusic.entitlements;
				CODE_SIGN_STYLE = Automatic;
				COMBINE_HIDPI_IMAGES = YES;
				DEVELOPMENT_ASSET_PATHS = "NeteaseMusic/Preview\\ Content";
				ENABLE_PREVIEWS = YES;
				INFOPLIST_FILE = NeteaseMusic/Info.plist;
				LD_RUNPATH_SEARCH_PATHS = (
					"$(inherited)",
					"@executable_path/../Frameworks",
				);
				PRODUCT_BUNDLE_IDENTIFIER = "io.github.magic-akari.NeteaseMusic";
				PRODUCT_NAME = "$(TARGET_NAME)";
				SWIFT_VERSION = 5.0;
			};
			name = Debug;
		};
		49C03B2722AA5AA400A33231 /* Release */ = {
			isa = XCBuildConfiguration;
			buildSettings = {
				ASSETCATALOG_COMPILER_APPICON_NAME = AppIcon;
				CODE_SIGN_ENTITLEMENTS = NeteaseMusic/NeteaseMusic.entitlements;
				CODE_SIGN_STYLE = Automatic;
				COMBINE_HIDPI_IMAGES = YES;
				DEVELOPMENT_ASSET_PATHS = "NeteaseMusic/Preview\\ Content";
				ENABLE_PREVIEWS = YES;
				INFOPLIST_FILE = NeteaseMusic/Info.plist;
				LD_RUNPATH_SEARCH_PATHS = (
					"$(inherited)",
					"@executable_path/../Frameworks",
				);
				PRODUCT_BUNDLE_IDENTIFIER = "io.github.magic-akari.NeteaseMusic";
				PRODUCT_NAME = "$(TARGET_NAME)";
				SWIFT_VERSION = 5.0;
			};
			name = Release;
		};
/* End XCBuildConfiguration section */

/* Begin XCConfigurationList section */
		49C03B0D22AA5A9F00A33231 /* Build configuration list for PBXProject "NeteaseMusic" */ = {
			isa = XCConfigurationList;
			buildConfigurations = (
				49C03B2322AA5AA400A33231 /* Debug */,
				49C03B2422AA5AA400A33231 /* Release */,
			);
			defaultConfigurationIsVisible = 0;
			defaultConfigurationName = Release;
		};
		49C03B2522AA5AA400A33231 /* Build configuration list for PBXNativeTarget "NeteaseMusic" */ = {
			isa = XCConfigurationList;
			buildConfigurations = (
				49C03B2622AA5AA400A33231 /* Debug */,
				49C03B2722AA5AA400A33231 /* Release */,
			);
			defaultConfigurationIsVisible = 0;
			defaultConfigurationName = Release;
		};
/* End XCConfigurationList section */
	};
	rootObject = 49C03B0A22AA5A9F00A33231 /* Project object */;
}
